// !$*UTF8*$!
{
	archiveVersion = 1;
	classes = {
	};
	objectVersion = 56;
	objects = {

/* Begin PBXBuildFile section */
		DF1C2FDF2A21A0C10001FF5E /* AppDelegate.swift in Sources */ = {isa = PBXBuildFile; fileRef = DF1C2FDE2A21A0C10001FF5E /* AppDelegate.swift */; };
		DF1C2FE12A21A0C10001FF5E /* SceneDelegate.swift in Sources */ = {isa = PBXBuildFile; fileRef = DF1C2FE02A21A0C10001FF5E /* SceneDelegate.swift */; };
		DF1C2FE32A21A0C10001FF5E /* MainViewController.swift in Sources */ = {isa = PBXBuildFile; fileRef = DF1C2FE22A21A0C10001FF5E /* MainViewController.swift */; };
		DF1C2FE82A21A0C20001FF5E /* Assets.xcassets in Resources */ = {isa = PBXBuildFile; fileRef = DF1C2FE72A21A0C20001FF5E /* Assets.xcassets */; };
		DF1C2FEB2A21A0C20001FF5E /* LaunchScreen.storyboard in Resources */ = {isa = PBXBuildFile; fileRef = DF1C2FE92A21A0C20001FF5E /* LaunchScreen.storyboard */; };
		DF3E59F12A21B650005EF3B6 /* MainView.swift in Sources */ = {isa = PBXBuildFile; fileRef = DF3E59F02A21B650005EF3B6 /* MainView.swift */; };
		DF7244F22A21C11100AA0F24 /* SubView.swift in Sources */ = {isa = PBXBuildFile; fileRef = DF7244F12A21C11100AA0F24 /* SubView.swift */; };
		DF7244F42A21C15200AA0F24 /* SubViewController.swift in Sources */ = {isa = PBXBuildFile; fileRef = DF7244F32A21C15200AA0F24 /* SubViewController.swift */; };
		DF7244F72A22F60000AA0F24 /* Alamofire in Frameworks */ = {isa = PBXBuildFile; productRef = DF7244F62A22F60000AA0F24 /* Alamofire */; };
		DF7244FD2A22F98D00AA0F24 /* APIRequest.swift in Sources */ = {isa = PBXBuildFile; fileRef = DF7244FC2A22F98D00AA0F24 /* APIRequest.swift */; };
		DF7244FF2A22F9C700AA0F24 /* Item.swift in Sources */ = {isa = PBXBuildFile; fileRef = DF7244FE2A22F9C700AA0F24 /* Item.swift */; };
		DF7245012A22FA1400AA0F24 /* GetItemRequest.swift in Sources */ = {isa = PBXBuildFile; fileRef = DF7245002A22FA1400AA0F24 /* GetItemRequest.swift */; };
		DF7245032A22FA4900AA0F24 /* APIManager.swift in Sources */ = {isa = PBXBuildFile; fileRef = DF7245022A22FA4900AA0F24 /* APIManager.swift */; };
		DF7245062A23011C00AA0F24 /* ItemViewModel.swift in Sources */ = {isa = PBXBuildFile; fileRef = DF7245052A23011C00AA0F24 /* ItemViewModel.swift */; };
		DF7245092A2301AA00AA0F24 /* ItemReposiroty.swift in Sources */ = {isa = PBXBuildFile; fileRef = DF7245082A2301AA00AA0F24 /* ItemReposiroty.swift */; };
		DF72450C2A23052A00AA0F24 /* Coordinator.swift in Sources */ = {isa = PBXBuildFile; fileRef = DF72450B2A23052A00AA0F24 /* Coordinator.swift */; };
		DF72450E2A23055100AA0F24 /* AppCoordinator.swift in Sources */ = {isa = PBXBuildFile; fileRef = DF72450D2A23055100AA0F24 /* AppCoordinator.swift */; };
		DF7245112A2319A100AA0F24 /* UIViewController+Alert.swift in Sources */ = {isa = PBXBuildFile; fileRef = DF7245102A2319A100AA0F24 /* UIViewController+Alert.swift */; };
/* End PBXBuildFile section */

/* Begin PBXFileReference section */
		DF1C2FDB2A21A0C10001FF5E /* UIKit_Code.app */ = {isa = PBXFileReference; explicitFileType = wrapper.application; includeInIndex = 0; path = UIKit_Code.app; sourceTree = BUILT_PRODUCTS_DIR; };
		DF1C2FDE2A21A0C10001FF5E /* AppDelegate.swift */ = {isa = PBXFileReference; lastKnownFileType = sourcecode.swift; path = AppDelegate.swift; sourceTree = "<group>"; };
		DF1C2FE02A21A0C10001FF5E /* SceneDelegate.swift */ = {isa = PBXFileReference; lastKnownFileType = sourcecode.swift; path = SceneDelegate.swift; sourceTree = "<group>"; };
		DF1C2FE22A21A0C10001FF5E /* MainViewController.swift */ = {isa = PBXFileReference; lastKnownFileType = sourcecode.swift; path = MainViewController.swift; sourceTree = "<group>"; };
		DF1C2FE72A21A0C20001FF5E /* Assets.xcassets */ = {isa = PBXFileReference; lastKnownFileType = folder.assetcatalog; path = Assets.xcassets; sourceTree = "<group>"; };
		DF1C2FEA2A21A0C20001FF5E /* Base */ = {isa = PBXFileReference; lastKnownFileType = file.storyboard; name = Base; path = Base.lproj/LaunchScreen.storyboard; sourceTree = "<group>"; };
		DF1C2FEC2A21A0C20001FF5E /* Info.plist */ = {isa = PBXFileReference; lastKnownFileType = text.plist.xml; path = Info.plist; sourceTree = "<group>"; };
		DF3E59F02A21B650005EF3B6 /* MainView.swift */ = {isa = PBXFileReference; lastKnownFileType = sourcecode.swift; path = MainView.swift; sourceTree = "<group>"; };
		DF7244F12A21C11100AA0F24 /* SubView.swift */ = {isa = PBXFileReference; lastKnownFileType = sourcecode.swift; path = SubView.swift; sourceTree = "<group>"; };
		DF7244F32A21C15200AA0F24 /* SubViewController.swift */ = {isa = PBXFileReference; lastKnownFileType = sourcecode.swift; path = SubViewController.swift; sourceTree = "<group>"; };
		DF7244FC2A22F98D00AA0F24 /* APIRequest.swift */ = {isa = PBXFileReference; lastKnownFileType = sourcecode.swift; path = APIRequest.swift; sourceTree = "<group>"; };
		DF7244FE2A22F9C700AA0F24 /* Item.swift */ = {isa = PBXFileReference; lastKnownFileType = sourcecode.swift; path = Item.swift; sourceTree = "<group>"; };
		DF7245002A22FA1400AA0F24 /* GetItemRequest.swift */ = {isa = PBXFileReference; lastKnownFileType = sourcecode.swift; path = GetItemRequest.swift; sourceTree = "<group>"; };
		DF7245022A22FA4900AA0F24 /* APIManager.swift */ = {isa = PBXFileReference; lastKnownFileType = sourcecode.swift; path = APIManager.swift; sourceTree = "<group>"; };
		DF7245052A23011C00AA0F24 /* ItemViewModel.swift */ = {isa = PBXFileReference; lastKnownFileType = sourcecode.swift; path = ItemViewModel.swift; sourceTree = "<group>"; };
		DF7245082A2301AA00AA0F24 /* ItemReposiroty.swift */ = {isa = PBXFileReference; lastKnownFileType = sourcecode.swift; path = ItemReposiroty.swift; sourceTree = "<group>"; };
		DF72450B2A23052A00AA0F24 /* Coordinator.swift */ = {isa = PBXFileReference; lastKnownFileType = sourcecode.swift; path = Coordinator.swift; sourceTree = "<group>"; };
		DF72450D2A23055100AA0F24 /* AppCoordinator.swift */ = {isa = PBXFileReference; lastKnownFileType = sourcecode.swift; path = AppCoordinator.swift; sourceTree = "<group>"; };
		DF7245102A2319A100AA0F24 /* UIViewController+Alert.swift */ = {isa = PBXFileReference; lastKnownFileType = sourcecode.swift; path = "UIViewController+Alert.swift"; sourceTree = "<group>"; };
/* End PBXFileReference section */

/* Begin PBXFrameworksBuildPhase section */
		DF1C2FD82A21A0C10001FF5E /* Frameworks */ = {
			isa = PBXFrameworksBuildPhase;
			buildActionMask = 2147483647;
			files = (
				DF7244F72A22F60000AA0F24 /* Alamofire in Frameworks */,
			);
			runOnlyForDeploymentPostprocessing = 0;
		};
/* End PBXFrameworksBuildPhase section */

/* Begin PBXGroup section */
		DF1C2FD22A21A0C10001FF5E = {
			isa = PBXGroup;
			children = (
				DF1C2FDD2A21A0C10001FF5E /* UIKit_Code */,
				DF1C2FDC2A21A0C10001FF5E /* Products */,
			);
			sourceTree = "<group>";
		};
		DF1C2FDC2A21A0C10001FF5E /* Products */ = {
			isa = PBXGroup;
			children = (
				DF1C2FDB2A21A0C10001FF5E /* UIKit_Code.app */,
			);
			name = Products;
			sourceTree = "<group>";
		};
		DF1C2FDD2A21A0C10001FF5E /* UIKit_Code */ = {
			isa = PBXGroup;
			children = (
				DF3E59F32A21BD10005EF3B6 /* src */,
				DF3E59F22A21BD01005EF3B6 /* resources */,
			);
			path = UIKit_Code;
			sourceTree = "<group>";
		};
		DF3E59F22A21BD01005EF3B6 /* resources */ = {
			isa = PBXGroup;
			children = (
				DF1C2FE72A21A0C20001FF5E /* Assets.xcassets */,
				DF1C2FEC2A21A0C20001FF5E /* Info.plist */,
			);
			path = resources;
			sourceTree = "<group>";
		};
		DF3E59F32A21BD10005EF3B6 /* src */ = {
			isa = PBXGroup;
			children = (
				DF1C2FDE2A21A0C10001FF5E /* AppDelegate.swift */,
				DF1C2FE02A21A0C10001FF5E /* SceneDelegate.swift */,
				DF1C2FE92A21A0C20001FF5E /* LaunchScreen.storyboard */,
				DF72450A2A23050E00AA0F24 /* coordinators */,
				DF3E59F52A21BD54005EF3B6 /* controller */,
				DF3E59F42A21BD49005EF3B6 /* view */,
				DF7245042A22FFDC00AA0F24 /* view_model */,
				DF7245072A23019100AA0F24 /* repository */,
				DF7244F82A22F87800AA0F24 /* network */,
				DF72450F2A23198400AA0F24 /* extensions */,
			);
			path = src;
			sourceTree = "<group>";
		};
		DF3E59F42A21BD49005EF3B6 /* view */ = {
			isa = PBXGroup;
			children = (
				DF3E59F02A21B650005EF3B6 /* MainView.swift */,
				DF7244F12A21C11100AA0F24 /* SubView.swift */,
			);
			path = view;
			sourceTree = "<group>";
		};
		DF3E59F52A21BD54005EF3B6 /* controller */ = {
			isa = PBXGroup;
			children = (
				DF1C2FE22A21A0C10001FF5E /* MainViewController.swift */,
				DF7244F32A21C15200AA0F24 /* SubViewController.swift */,
			);
			path = controller;
			sourceTree = "<group>";
		};
		DF7244F82A22F87800AA0F24 /* network */ = {
			isa = PBXGroup;
			children = (
				DF7244FB2A22F90B00AA0F24 /* manager */,
				DF7244FA2A22F89200AA0F24 /* request */,
				DF7244F92A22F88900AA0F24 /* model */,
			);
			path = network;
			sourceTree = "<group>";
		};
		DF7244F92A22F88900AA0F24 /* model */ = {
			isa = PBXGroup;
			children = (
				DF7244FE2A22F9C700AA0F24 /* Item.swift */,
			);
			path = model;
			sourceTree = "<group>";
		};
		DF7244FA2A22F89200AA0F24 /* request */ = {
			isa = PBXGroup;
			children = (
				DF7244FC2A22F98D00AA0F24 /* APIRequest.swift */,
				DF7245002A22FA1400AA0F24 /* GetItemRequest.swift */,
			);
			path = request;
			sourceTree = "<group>";
		};
		DF7244FB2A22F90B00AA0F24 /* manager */ = {
			isa = PBXGroup;
			children = (
				DF7245022A22FA4900AA0F24 /* APIManager.swift */,
			);
			path = manager;
			sourceTree = "<group>";
		};
		DF7245042A22FFDC00AA0F24 /* view_model */ = {
			isa = PBXGroup;
			children = (
				DF7245052A23011C00AA0F24 /* ItemViewModel.swift */,
			);
			path = view_model;
			sourceTree = "<group>";
		};
		DF7245072A23019100AA0F24 /* repository */ = {
			isa = PBXGroup;
			children = (
				DF7245082A2301AA00AA0F24 /* ItemReposiroty.swift */,
			);
			path = repository;
			sourceTree = "<group>";
		};
		DF72450A2A23050E00AA0F24 /* coordinators */ = {
			isa = PBXGroup;
			children = (
				DF72450B2A23052A00AA0F24 /* Coordinator.swift */,
				DF72450D2A23055100AA0F24 /* AppCoordinator.swift */,
			);
			path = coordinators;
			sourceTree = "<group>";
		};
		DF72450F2A23198400AA0F24 /* extensions */ = {
			isa = PBXGroup;
			children = (
				DF7245102A2319A100AA0F24 /* UIViewController+Alert.swift */,
			);
			path = extensions;
			sourceTree = "<group>";
		};
/* End PBXGroup section */

/* Begin PBXNativeTarget section */
		DF1C2FDA2A21A0C10001FF5E /* UIKit_Code */ = {
			isa = PBXNativeTarget;
			buildConfigurationList = DF1C2FEF2A21A0C20001FF5E /* Build configuration list for PBXNativeTarget "UIKit_Code" */;
			buildPhases = (
				DF1C2FD72A21A0C10001FF5E /* Sources */,
				DF1C2FD82A21A0C10001FF5E /* Frameworks */,
				DF1C2FD92A21A0C10001FF5E /* Resources */,
			);
			buildRules = (
			);
			dependencies = (
			);
			name = UIKit_Code;
			packageProductDependencies = (
				DF7244F62A22F60000AA0F24 /* Alamofire */,
			);
			productName = UIKit_Code;
			productReference = DF1C2FDB2A21A0C10001FF5E /* UIKit_Code.app */;
			productType = "com.apple.product-type.application";
		};
/* End PBXNativeTarget section */

/* Begin PBXProject section */
		DF1C2FD32A21A0C10001FF5E /* Project object */ = {
			isa = PBXProject;
			attributes = {
				BuildIndependentTargetsInParallel = 1;
				LastSwiftUpdateCheck = 1420;
				LastUpgradeCheck = 1420;
				TargetAttributes = {
					DF1C2FDA2A21A0C10001FF5E = {
						CreatedOnToolsVersion = 14.2;
					};
				};
			};
			buildConfigurationList = DF1C2FD62A21A0C10001FF5E /* Build configuration list for PBXProject "UIKit_Code" */;
			compatibilityVersion = "Xcode 14.0";
			developmentRegion = en;
			hasScannedForEncodings = 0;
			knownRegions = (
				en,
				Base,
			);
			mainGroup = DF1C2FD22A21A0C10001FF5E;
			packageReferences = (
				DF7244F52A22F60000AA0F24 /* XCRemoteSwiftPackageReference "Alamofire" */,
			);
			productRefGroup = DF1C2FDC2A21A0C10001FF5E /* Products */;
			projectDirPath = "";
			projectRoot = "";
			targets = (
				DF1C2FDA2A21A0C10001FF5E /* UIKit_Code */,
			);
		};
/* End PBXProject section */

/* Begin PBXResourcesBuildPhase section */
		DF1C2FD92A21A0C10001FF5E /* Resources */ = {
			isa = PBXResourcesBuildPhase;
			buildActionMask = 2147483647;
			files = (
				DF1C2FEB2A21A0C20001FF5E /* LaunchScreen.storyboard in Resources */,
				DF1C2FE82A21A0C20001FF5E /* Assets.xcassets in Resources */,
			);
			runOnlyForDeploymentPostprocessing = 0;
		};
/* End PBXResourcesBuildPhase section */

/* Begin PBXSourcesBuildPhase section */
		DF1C2FD72A21A0C10001FF5E /* Sources */ = {
			isa = PBXSourcesBuildPhase;
			buildActionMask = 2147483647;
			files = (
				DF7245112A2319A100AA0F24 /* UIViewController+Alert.swift in Sources */,
				DF1C2FE32A21A0C10001FF5E /* MainViewController.swift in Sources */,
				DF7244FD2A22F98D00AA0F24 /* APIRequest.swift in Sources */,
				DF72450C2A23052A00AA0F24 /* Coordinator.swift in Sources */,
				DF7245032A22FA4900AA0F24 /* APIManager.swift in Sources */,
				DF7245062A23011C00AA0F24 /* ItemViewModel.swift in Sources */,
				DF3E59F12A21B650005EF3B6 /* MainView.swift in Sources */,
				DF72450E2A23055100AA0F24 /* AppCoordinator.swift in Sources */,
				DF1C2FDF2A21A0C10001FF5E /* AppDelegate.swift in Sources */,
				DF7245092A2301AA00AA0F24 /* ItemReposiroty.swift in Sources */,
				DF7244FF2A22F9C700AA0F24 /* Item.swift in Sources */,
				DF7244F42A21C15200AA0F24 /* SubViewController.swift in Sources */,
				DF1C2FE12A21A0C10001FF5E /* SceneDelegate.swift in Sources */,
				DF7245012A22FA1400AA0F24 /* GetItemRequest.swift in Sources */,
				DF7244F22A21C11100AA0F24 /* SubView.swift in Sources */,
			);
			runOnlyForDeploymentPostprocessing = 0;
		};
/* End PBXSourcesBuildPhase section */

/* Begin PBXVariantGroup section */
		DF1C2FE92A21A0C20001FF5E /* LaunchScreen.storyboard */ = {
			isa = PBXVariantGroup;
			children = (
				DF1C2FEA2A21A0C20001FF5E /* Base */,
			);
			name = LaunchScreen.storyboard;
			sourceTree = "<group>";
		};
/* End PBXVariantGroup section */

/* Begin XCBuildConfiguration section */
		DF1C2FED2A21A0C20001FF5E /* Debug */ = {
			isa = XCBuildConfiguration;
			buildSettings = {
				ALWAYS_SEARCH_USER_PATHS = NO;
				CLANG_ANALYZER_NONNULL = YES;
				CLANG_ANALYZER_NUMBER_OBJECT_CONVERSION = YES_AGGRESSIVE;
				CLANG_CXX_LANGUAGE_STANDARD = "gnu++20";
				CLANG_ENABLE_MODULES = YES;
				CLANG_ENABLE_OBJC_ARC = YES;
				CLANG_ENABLE_OBJC_WEAK = YES;
				CLANG_WARN_BLOCK_CAPTURE_AUTORELEASING = YES;
				CLANG_WARN_BOOL_CONVERSION = YES;
				CLANG_WARN_COMMA = YES;
				CLANG_WARN_CONSTANT_CONVERSION = YES;
				CLANG_WARN_DEPRECATED_OBJC_IMPLEMENTATIONS = YES;
				CLANG_WARN_DIRECT_OBJC_ISA_USAGE = YES_ERROR;
				CLANG_WARN_DOCUMENTATION_COMMENTS = YES;
				CLANG_WARN_EMPTY_BODY = YES;
				CLANG_WARN_ENUM_CONVERSION = YES;
				CLANG_WARN_INFINITE_RECURSION = YES;
				CLANG_WARN_INT_CONVERSION = YES;
				CLANG_WARN_NON_LITERAL_NULL_CONVERSION = YES;
				CLANG_WARN_OBJC_IMPLICIT_RETAIN_SELF = YES;
				CLANG_WARN_OBJC_LITERAL_CONVERSION = YES;
				CLANG_WARN_OBJC_ROOT_CLASS = YES_ERROR;
				CLANG_WARN_QUOTED_INCLUDE_IN_FRAMEWORK_HEADER = YES;
				CLANG_WARN_RANGE_LOOP_ANALYSIS = YES;
				CLANG_WARN_STRICT_PROTOTYPES = YES;
				CLANG_WARN_SUSPICIOUS_MOVE = YES;
				CLANG_WARN_UNGUARDED_AVAILABILITY = YES_AGGRESSIVE;
				CLANG_WARN_UNREACHABLE_CODE = YES;
				CLANG_WARN__DUPLICATE_METHOD_MATCH = YES;
				COPY_PHASE_STRIP = NO;
				DEBUG_INFORMATION_FORMAT = dwarf;
				ENABLE_STRICT_OBJC_MSGSEND = YES;
				ENABLE_TESTABILITY = YES;
				GCC_C_LANGUAGE_STANDARD = gnu11;
				GCC_DYNAMIC_NO_PIC = NO;
				GCC_NO_COMMON_BLOCKS = YES;
				GCC_OPTIMIZATION_LEVEL = 0;
				GCC_PREPROCESSOR_DEFINITIONS = (
					"DEBUG=1",
					"$(inherited)",
				);
				GCC_WARN_64_TO_32_BIT_CONVERSION = YES;
				GCC_WARN_ABOUT_RETURN_TYPE = YES_ERROR;
				GCC_WARN_UNDECLARED_SELECTOR = YES;
				GCC_WARN_UNINITIALIZED_AUTOS = YES_AGGRESSIVE;
				GCC_WARN_UNUSED_FUNCTION = YES;
				GCC_WARN_UNUSED_VARIABLE = YES;
				IPHONEOS_DEPLOYMENT_TARGET = 16.2;
				MTL_ENABLE_DEBUG_INFO = INCLUDE_SOURCE;
				MTL_FAST_MATH = YES;
				ONLY_ACTIVE_ARCH = YES;
				SDKROOT = iphoneos;
				SWIFT_ACTIVE_COMPILATION_CONDITIONS = DEBUG;
				SWIFT_OPTIMIZATION_LEVEL = "-Onone";
			};
			name = Debug;
		};
		DF1C2FEE2A21A0C20001FF5E /* Release */ = {
			isa = XCBuildConfiguration;
			buildSettings = {
				ALWAYS_SEARCH_USER_PATHS = NO;
				CLANG_ANALYZER_NONNULL = YES;
				CLANG_ANALYZER_NUMBER_OBJECT_CONVERSION = YES_AGGRESSIVE;
				CLANG_CXX_LANGUAGE_STANDARD = "gnu++20";
				CLANG_ENABLE_MODULES = YES;
				CLANG_ENABLE_OBJC_ARC = YES;
				CLANG_ENABLE_OBJC_WEAK = YES;
				CLANG_WARN_BLOCK_CAPTURE_AUTORELEASING = YES;
				CLANG_WARN_BOOL_CONVERSION = YES;
				CLANG_WARN_COMMA = YES;
				CLANG_WARN_CONSTANT_CONVERSION = YES;
				CLANG_WARN_DEPRECATED_OBJC_IMPLEMENTATIONS = YES;
				CLANG_WARN_DIRECT_OBJC_ISA_USAGE = YES_ERROR;
				CLANG_WARN_DOCUMENTATION_COMMENTS = YES;
				CLANG_WARN_EMPTY_BODY = YES;
				CLANG_WARN_ENUM_CONVERSION = YES;
				CLANG_WARN_INFINITE_RECURSION = YES;
				CLANG_WARN_INT_CONVERSION = YES;
				CLANG_WARN_NON_LITERAL_NULL_CONVERSION = YES;
				CLANG_WARN_OBJC_IMPLICIT_RETAIN_SELF = YES;
				CLANG_WARN_OBJC_LITERAL_CONVERSION = YES;
				CLANG_WARN_OBJC_ROOT_CLASS = YES_ERROR;
				CLANG_WARN_QUOTED_INCLUDE_IN_FRAMEWORK_HEADER = YES;
				CLANG_WARN_RANGE_LOOP_ANALYSIS = YES;
				CLANG_WARN_STRICT_PROTOTYPES = YES;
				CLANG_WARN_SUSPICIOUS_MOVE = YES;
				CLANG_WARN_UNGUARDED_AVAILABILITY = YES_AGGRESSIVE;
				CLANG_WARN_UNREACHABLE_CODE = YES;
				CLANG_WARN__DUPLICATE_METHOD_MATCH = YES;
				COPY_PHASE_STRIP = NO;
				DEBUG_INFORMATION_FORMAT = "dwarf-with-dsym";
				ENABLE_NS_ASSERTIONS = NO;
				ENABLE_STRICT_OBJC_MSGSEND = YES;
				GCC_C_LANGUAGE_STANDARD = gnu11;
				GCC_NO_COMMON_BLOCKS = YES;
				GCC_WARN_64_TO_32_BIT_CONVERSION = YES;
				GCC_WARN_ABOUT_RETURN_TYPE = YES_ERROR;
				GCC_WARN_UNDECLARED_SELECTOR = YES;
				GCC_WARN_UNINITIALIZED_AUTOS = YES_AGGRESSIVE;
				GCC_WARN_UNUSED_FUNCTION = YES;
				GCC_WARN_UNUSED_VARIABLE = YES;
				IPHONEOS_DEPLOYMENT_TARGET = 16.2;
				MTL_ENABLE_DEBUG_INFO = NO;
				MTL_FAST_MATH = YES;
				SDKROOT = iphoneos;
				SWIFT_COMPILATION_MODE = wholemodule;
				SWIFT_OPTIMIZATION_LEVEL = "-O";
				VALIDATE_PRODUCT = YES;
			};
			name = Release;
		};
		DF1C2FF02A21A0C20001FF5E /* Debug */ = {
			isa = XCBuildConfiguration;
			buildSettings = {
				ASSETCATALOG_COMPILER_APPICON_NAME = AppIcon;
				ASSETCATALOG_COMPILER_GLOBAL_ACCENT_COLOR_NAME = AccentColor;
				CODE_SIGN_STYLE = Automatic;
				CURRENT_PROJECT_VERSION = 1;
				DEVELOPMENT_TEAM = 2764B74L32;
				GENERATE_INFOPLIST_FILE = YES;
				INFOPLIST_FILE = UIKit_Code/resources/Info.plist;
				INFOPLIST_KEY_UIApplicationSupportsIndirectInputEvents = YES;
				INFOPLIST_KEY_UILaunchStoryboardName = LaunchScreen;
				INFOPLIST_KEY_UISupportedInterfaceOrientations_iPad = "UIInterfaceOrientationPortrait UIInterfaceOrientationPortraitUpsideDown UIInterfaceOrientationLandscapeLeft UIInterfaceOrientationLandscapeRight";
				INFOPLIST_KEY_UISupportedInterfaceOrientations_iPhone = "UIInterfaceOrientationPortrait UIInterfaceOrientationLandscapeLeft UIInterfaceOrientationLandscapeRight";
				LD_RUNPATH_SEARCH_PATHS = (
					"$(inherited)",
					"@executable_path/Frameworks",
				);
				MARKETING_VERSION = 1.0;
				PRODUCT_BUNDLE_IDENTIFIER = "bamboo-wood.UIKit-Code";
				PRODUCT_NAME = "$(TARGET_NAME)";
				SWIFT_EMIT_LOC_STRINGS = YES;
				SWIFT_VERSION = 5.0;
				TARGETED_DEVICE_FAMILY = "1,2";
			};
			name = Debug;
		};
		DF1C2FF12A21A0C20001FF5E /* Release */ = {
			isa = XCBuildConfiguration;
			buildSettings = {
				ASSETCATALOG_COMPILER_APPICON_NAME = AppIcon;
				ASSETCATALOG_COMPILER_GLOBAL_ACCENT_COLOR_NAME = AccentColor;
				CODE_SIGN_STYLE = Automatic;
				CURRENT_PROJECT_VERSION = 1;
				DEVELOPMENT_TEAM = 2764B74L32;
				GENERATE_INFOPLIST_FILE = YES;
				INFOPLIST_FILE = UIKit_Code/resources/Info.plist;
				INFOPLIST_KEY_UIApplicationSupportsIndirectInputEvents = YES;
				INFOPLIST_KEY_UILaunchStoryboardName = LaunchScreen;
				INFOPLIST_KEY_UISupportedInterfaceOrientations_iPad = "UIInterfaceOrientationPortrait UIInterfaceOrientationPortraitUpsideDown UIInterfaceOrientationLandscapeLeft UIInterfaceOrientationLandscapeRight";
				INFOPLIST_KEY_UISupportedInterfaceOrientations_iPhone = "UIInterfaceOrientationPortrait UIInterfaceOrientationLandscapeLeft UIInterfaceOrientationLandscapeRight";
				LD_RUNPATH_SEARCH_PATHS = (
					"$(inherited)",
					"@executable_path/Frameworks",
				);
				MARKETING_VERSION = 1.0;
				PRODUCT_BUNDLE_IDENTIFIER = "bamboo-wood.UIKit-Code";
				PRODUCT_NAME = "$(TARGET_NAME)";
				SWIFT_EMIT_LOC_STRINGS = YES;
				SWIFT_VERSION = 5.0;
				TARGETED_DEVICE_FAMILY = "1,2";
			};
			name = Release;
		};
/* End XCBuildConfiguration section */

/* Begin XCConfigurationList section */
		DF1C2FD62A21A0C10001FF5E /* Build configuration list for PBXProject "UIKit_Code" */ = {
			isa = XCConfigurationList;
			buildConfigurations = (
				DF1C2FED2A21A0C20001FF5E /* Debug */,
				DF1C2FEE2A21A0C20001FF5E /* Release */,
			);
			defaultConfigurationIsVisible = 0;
			defaultConfigurationName = Release;
		};
		DF1C2FEF2A21A0C20001FF5E /* Build configuration list for PBXNativeTarget "UIKit_Code" */ = {
			isa = XCConfigurationList;
			buildConfigurations = (
				DF1C2FF02A21A0C20001FF5E /* Debug */,
				DF1C2FF12A21A0C20001FF5E /* Release */,
			);
			defaultConfigurationIsVisible = 0;
			defaultConfigurationName = Release;
		};
/* End XCConfigurationList section */

/* Begin XCRemoteSwiftPackageReference section */
		DF7244F52A22F60000AA0F24 /* XCRemoteSwiftPackageReference "Alamofire" */ = {
			isa = XCRemoteSwiftPackageReference;
			repositoryURL = "https://github.com/Alamofire/Alamofire.git";
			requirement = {
				kind = upToNextMajorVersion;
				minimumVersion = 5.0.0;
			};
		};
/* End XCRemoteSwiftPackageReference section */

/* Begin XCSwiftPackageProductDependency section */
		DF7244F62A22F60000AA0F24 /* Alamofire */ = {
			isa = XCSwiftPackageProductDependency;
			package = DF7244F52A22F60000AA0F24 /* XCRemoteSwiftPackageReference "Alamofire" */;
			productName = Alamofire;
		};
/* End XCSwiftPackageProductDependency section */
	};
	rootObject = DF1C2FD32A21A0C10001FF5E /* Project object */;
}
